{
  "name": "chancha-manager",
  "version": "1.0.0",
  "lockfileVersion": 3,
  "requires": true,
  "packages": {
    "": {
      "name": "chancha-manager",
      "version": "1.0.0",
      "license": "ISC",
      "dependencies": {
        "@minecraft/server": "^2.0.0-beta.1.21.70-preview.24",
        "@minecraft/server-ui": "^2.0.0-beta.1.21.70-preview.25"
      }
    },
    "node_modules/@minecraft/common": {
      "version": "1.2.0",
      "resolved": "https://registry.npmjs.org/@minecraft/common/-/common-1.2.0.tgz",
      "integrity": "sha512-JdmEq4P3Z/FtoBzhLijFgMSVFnFRrUoLwY8DHHrgtFo0mfLTOLTB1RErYjLMsA6b7BGVNxkX/pfFRiH7QZ0XwQ==",
      "license": "MIT"
    },
    "node_modules/@minecraft/server": {
      "version": "2.0.0-beta.1.21.70-preview.25",
      "resolved": "https://registry.npmjs.org/@minecraft/server/-/server-2.0.0-beta.1.21.70-preview.25.tgz",
      "integrity": "sha512-0FVfMVBCdd2jQ08ilnzv4nXSPwN1278jZm5ZX8VvA4/mwI3b2usF4RIXgEHTFZfDFJup3pO0fCxPw3T+gOCVqQ==",
      "license": "MIT",
      "dependencies": {
        "@minecraft/common": "^1.1.0"
      },
      "peerDependencies": {
        "@minecraft/vanilla-data": ">=1.20.70"
      }
    },
    "node_modules/@minecraft/server-ui": {
      "version": "2.0.0-beta.1.21.70-preview.25",
      "resolved": "https://registry.npmjs.org/@minecraft/server-ui/-/server-ui-2.0.0-beta.1.21.70-preview.25.tgz",
      "integrity": "sha512-Wt70iksxk5GSoVzCK+d/I2UDbn2piMmtheWDtlhHWGFEhKWtgW4q0dShZa4hu/26dAtL86AkgSwepGrq+Id/DQ==",
      "license": "MIT",
      "dependencies": {
        "@minecraft/common": "^1.0.0",
        "@minecraft/server": "^2.0.0-beta.1.21.70-preview.25"
      }
    },
    "node_modules/@minecraft/vanilla-data": {
      "version": "1.21.61",
      "resolved": "https://registry.npmjs.org/@minecraft/vanilla-data/-/vanilla-data-1.21.61.tgz",
      "integrity": "sha512-72IHRtXQw1yS7aH8x2K2LvRaOR2ZQ/lMEA05uARHmxaES5a5GiLx+aAkp5O9ihfh1S5YmjaD47XFRBnYuu68IQ==",
      "license": "MIT",
      "peer": true
    }
  }
}
